{
  "nodes": {
    "agenix": {
      "inputs": {
        "darwin": "darwin",
        "home-manager": "home-manager",
        "nixpkgs": [
          "nixos-unstable"
        ]
      },
      "locked": {
        "lastModified": 1690228878,
        "narHash": "sha256-9Xe7JV0krp4RJC9W9W9WutZVlw6BlHTFMiUP/k48LQY=",
        "owner": "ryantm",
        "repo": "agenix",
        "rev": "d8c973fd228949736dedf61b7f8cc1ece3236792",
        "type": "github"
      },
      "original": {
        "owner": "ryantm",
        "repo": "agenix",
        "type": "github"
      }
    },
    "darwin": {
      "inputs": {
        "nixpkgs": [
          "agenix",
          "nixpkgs"
        ]
      },
      "locked": {
        "lastModified": 1673295039,
        "narHash": "sha256-AsdYgE8/GPwcelGgrntlijMg4t3hLFJFCRF3tL5WVjA=",
        "owner": "lnl7",
        "repo": "nix-darwin",
        "rev": "87b9d090ad39b25b2400029c64825fc2a8868943",
        "type": "github"
      },
      "original": {
        "owner": "lnl7",
        "ref": "master",
        "repo": "nix-darwin",
        "type": "github"
      }
    },
    "elmsd": {
      "inputs": {
        "mkElmDerivation": "mkElmDerivation",
        "nixpkgs": [
          "nixpkgs-unstable"
        ]
      },
      "locked": {
        "lastModified": 1680705085,
        "narHash": "sha256-Rk/+ZXc3h7QUndQM/38EesfOFsUnV0918W29CaGd2CI=",
        "ref": "main",
        "rev": "3f976a530302423add88ce33318dc87b567bd9be",
        "revCount": 17,
        "type": "git",
        "url": "https://source.qualifiedself.org/fetsorn/elm-system-dynamics"
      },
      "original": {
        "ref": "main",
        "type": "git",
        "url": "https://source.qualifiedself.org/fetsorn/elm-system-dynamics"
      }
    },
    "evenor": {
      "inputs": {
        "nixpkgs": [
          "nixpkgs-unstable"
        ]
      },
      "locked": {
        "lastModified": 1688989904,
        "narHash": "sha256-UesDwWNn18jGPSkU8y/Z6XLwzbGxc9ozSPSWAQ4G3bo=",
        "ref": "main",
        "rev": "ed51f2e5db66e13550725072aa5da86c62859055",
        "revCount": 341,
        "type": "git",
        "url": "https://source.qualifiedself.org/fetsorn/evenor"
      },
      "original": {
        "ref": "main",
        "type": "git",
        "url": "https://source.qualifiedself.org/fetsorn/evenor"
      }
    },
    "flake-utils": {
      "locked": {
        "lastModified": 1667395993,
        "narHash": "sha256-nuEHfE/LcWyuSWnS8t12N1wc105Qtau+/OdUAjtQ0rA=",
        "owner": "numtide",
        "repo": "flake-utils",
        "rev": "5aed5285a952e0b949eb3ba02c12fa4fcfef535f",
        "type": "github"
      },
      "original": {
        "owner": "numtide",
        "repo": "flake-utils",
        "type": "github"
      }
    },
    "flake-utils_2": {
      "inputs": {
        "systems": "systems"
      },
      "locked": {
        "lastModified": 1681202837,
        "narHash": "sha256-H+Rh19JDwRtpVPAWp64F+rlEtxUWBAQW28eAi3SRSzg=",
        "owner": "numtide",
        "repo": "flake-utils",
        "rev": "cfacdce06f30d2b68473a46042957675eebb3401",
        "type": "github"
      },
      "original": {
        "owner": "numtide",
        "repo": "flake-utils",
        "type": "github"
      }
    },
    "genea": {
      "inputs": {
        "nixpkgs": [
          "nixpkgs-unstable"
        ]
      },
      "locked": {
        "lastModified": 1681590504,
        "narHash": "sha256-I5nwgJnkdwW9IhzGSgWYeolE6w9EOHp2lBKK90J25/Q=",
        "ref": "main",
        "rev": "7e887f5353f8e0ef135b7e185601478c1c70ebdf",
        "revCount": 43,
        "type": "git",
        "url": "https://source.qualifiedself.org/fetsorn/genea"
      },
      "original": {
        "ref": "main",
        "type": "git",
        "url": "https://source.qualifiedself.org/fetsorn/genea"
      }
    },
    "home-manager": {
      "inputs": {
        "nixpkgs": [
          "agenix",
          "nixpkgs"
        ]
      },
      "locked": {
        "lastModified": 1682203081,
        "narHash": "sha256-kRL4ejWDhi0zph/FpebFYhzqlOBrk0Pl3dzGEKSAlEw=",
        "owner": "nix-community",
        "repo": "home-manager",
        "rev": "32d3e39c491e2f91152c84f8ad8b003420eab0a1",
        "type": "github"
      },
      "original": {
        "owner": "nix-community",
        "repo": "home-manager",
        "type": "github"
      }
    },
    "home-manager_2": {
      "inputs": {
        "nixpkgs": [
          "nixpkgs-unstable"
        ]
      },
      "locked": {
        "lastModified": 1690269402,
        "narHash": "sha256-SybA24IOGigiHfcTB5eBge4UZQI6a0z8Ah+EzD17tdk=",
        "owner": "nix-community",
        "repo": "home-manager",
        "rev": "0306d5ed7e9d1662b55ec0d08afc73d4cb5eadca",
        "type": "github"
      },
      "original": {
        "owner": "nix-community",
        "repo": "home-manager",
        "type": "github"
      }
    },
    "mkElmDerivation": {
      "inputs": {
        "flake-utils": "flake-utils",
        "nixpkgs": "nixpkgs"
      },
      "locked": {
        "lastModified": 1679189167,
        "narHash": "sha256-ajVzTQXQcR1OTu3PgPyHB37HSjoHCn7uLYlTTor6Lp4=",
        "owner": "jeslie0",
        "repo": "mkElmDerivation",
        "rev": "35482d70dd80644a626157b1f18aca3ecf975585",
        "type": "github"
      },
      "original": {
        "owner": "jeslie0",
        "repo": "mkElmDerivation",
        "type": "github"
      }
    },
    "morio": {
      "inputs": {
        "nixpkgs": [
          "nixpkgs-unstable"
        ]
      },
      "locked": {
        "lastModified": 1690297039,
        "narHash": "sha256-QUHJfTZtzEKDUYZVAKNl/2b5XSwwb6LL6JzbRQ4Hqk8=",
        "ref": "main",
        "rev": "c13cbfafb13f2cc55c36f0324a74a8fa41ff3b97",
        "revCount": 5,
        "type": "git",
        "url": "https://source.qualifiedself.org/fetsorn/morio"
      },
      "original": {
        "ref": "main",
        "type": "git",
        "url": "https://source.qualifiedself.org/fetsorn/morio"
      }
    },
    "nixos-unstable": {
      "locked": {
        "lastModified": 1690179384,
        "narHash": "sha256-+arbgqFTAtoeKtepW9wCnA0njCOyoiDFyl0Q0SBSOtE=",
        "owner": "nixos",
        "repo": "nixpkgs",
        "rev": "b12803b6d90e2e583429bb79b859ca53c348b39a",
        "type": "github"
      },
      "original": {
        "owner": "nixos",
        "ref": "nixos-unstable",
        "repo": "nixpkgs",
        "type": "github"
      }
    },
    "nixpkgs": {
      "locked": {
        "lastModified": 1674899129,
        "narHash": "sha256-6LGae8WbdCN4S9+o2wfYDJPpfxC2EnXEvoopVkguNtc=",
        "owner": "nixos",
        "repo": "nixpkgs",
        "rev": "6b9c27b4c9c1c329b27a44ed1fa8935df79f9a8b",
        "type": "github"
      },
      "original": {
        "owner": "nixos",
        "ref": "nixpkgs-unstable",
        "repo": "nixpkgs",
        "type": "github"
      }
    },
    "nixpkgs-unstable": {
      "locked": {
        "lastModified": 1690235791,
        "narHash": "sha256-QkPVQ859F0wXyd74A7UPYbmi4B5xYN4Ns7AQ0pvM0Wo=",
        "owner": "nixos",
        "repo": "nixpkgs",
        "rev": "dfcffbd74fd6f0419370d8240e445252a39f4d10",
        "type": "github"
      },
      "original": {
        "owner": "nixos",
        "ref": "nixpkgs-unstable",
        "repo": "nixpkgs",
        "type": "github"
      }
    },
    "root": {
      "inputs": {
        "agenix": "agenix",
        "elmsd": "elmsd",
        "evenor": "evenor",
        "genea": "genea",
        "home-manager": "home-manager_2",
        "morio": "morio",
        "nixos-unstable": "nixos-unstable",
        "nixpkgs-unstable": "nixpkgs-unstable",
        "rust-overlay": "rust-overlay"
      }
    },
    "rust-overlay": {
      "inputs": {
        "flake-utils": "flake-utils_2",
        "nixpkgs": [
          "nixpkgs-unstable"
        ]
      },
      "locked": {
        "lastModified": 1690252178,
        "narHash": "sha256-9oEz822bvbHobfCUjJLDor2BqW3I5tycIauzDlzOALY=",
        "owner": "oxalica",
        "repo": "rust-overlay",
        "rev": "8d64353ca827002fb8459e44d49116c78d868eba",
        "type": "github"
      },
      "original": {
        "owner": "oxalica",
        "repo": "rust-overlay",
        "type": "github"
      }
    },
    "systems": {
      "locked": {
        "lastModified": 1681028828,
        "narHash": "sha256-Vy1rq5AaRuLzOxct8nz4T6wlgyUR7zLU309k9mBC768=",
        "owner": "nix-systems",
        "repo": "default",
        "rev": "da67096a3b9bf56a91d16901293e51ba5b49a27e",
        "type": "github"
      },
      "original": {
        "owner": "nix-systems",
        "repo": "default",
        "type": "github"
      }
    }
  },
  "root": "root",
  "version": 7
}
