{
  "nodes": {
    "agenix": {
      "inputs": {
        "darwin": "darwin",
        "home-manager": "home-manager",
        "nixpkgs": [
          "nixos-unstable"
        ]
      },
      "locked": {
        "lastModified": 1690228878,
        "narHash": "sha256-9Xe7JV0krp4RJC9W9W9WutZVlw6BlHTFMiUP/k48LQY=",
        "owner": "ryantm",
        "repo": "agenix",
        "rev": "d8c973fd228949736dedf61b7f8cc1ece3236792",
        "type": "github"
      },
      "original": {
        "owner": "ryantm",
        "repo": "agenix",
        "type": "github"
      }
    },
    "arcoiris": {
      "inputs": {
        "nixpkgs": [
          "nixpkgs-unstable"
        ]
      },
      "locked": {
        "lastModified": 1693829043,
        "narHash": "sha256-jXXZ3SVI28OmpuREesOwk58MWmLVqbL528sRmxO7cPo=",
        "ref": "main",
        "rev": "bb612e9df3a36c23100e624792a829f59cd2aa71",
        "revCount": 8,
        "type": "git",
        "url": "https://source.qualifiedself.org/fetsorn/arcoiris-demo"
      },
      "original": {
        "ref": "main",
        "type": "git",
        "url": "https://source.qualifiedself.org/fetsorn/arcoiris-demo"
      }
    },
    "darwin": {
      "inputs": {
        "nixpkgs": [
          "agenix",
          "nixpkgs"
        ]
      },
      "locked": {
        "lastModified": 1673295039,
        "narHash": "sha256-AsdYgE8/GPwcelGgrntlijMg4t3hLFJFCRF3tL5WVjA=",
        "owner": "lnl7",
        "repo": "nix-darwin",
        "rev": "87b9d090ad39b25b2400029c64825fc2a8868943",
        "type": "github"
      },
      "original": {
        "owner": "lnl7",
        "ref": "master",
        "repo": "nix-darwin",
        "type": "github"
      }
    },
    "elmsd": {
      "inputs": {
        "mkElmDerivation": "mkElmDerivation",
        "nixpkgs": [
          "nixpkgs-unstable"
        ]
      },
      "locked": {
        "lastModified": 1680705085,
        "narHash": "sha256-Rk/+ZXc3h7QUndQM/38EesfOFsUnV0918W29CaGd2CI=",
        "ref": "main",
        "rev": "3f976a530302423add88ce33318dc87b567bd9be",
        "revCount": 17,
        "type": "git",
        "url": "https://source.qualifiedself.org/fetsorn/elm-system-dynamics"
      },
      "original": {
        "ref": "main",
        "type": "git",
        "url": "https://source.qualifiedself.org/fetsorn/elm-system-dynamics"
      }
    },
    "evenor": {
      "inputs": {
        "nixpkgs": [
          "nixpkgs-unstable"
        ]
      },
      "locked": {
        "lastModified": 1690375259,
        "narHash": "sha256-BZuDdbIyIemnyUAYmbHm2Hw6uhjSDUx9N5d2MO9wnzA=",
        "ref": "main",
        "rev": "15b41b36bda375b4428723c2383f81fb2aacce67",
        "revCount": 349,
        "type": "git",
        "url": "https://source.qualifiedself.org/fetsorn/evenor"
      },
      "original": {
        "ref": "main",
        "type": "git",
        "url": "https://source.qualifiedself.org/fetsorn/evenor"
      }
    },
    "flake-utils": {
      "locked": {
        "lastModified": 1667395993,
        "narHash": "sha256-nuEHfE/LcWyuSWnS8t12N1wc105Qtau+/OdUAjtQ0rA=",
        "owner": "numtide",
        "repo": "flake-utils",
        "rev": "5aed5285a952e0b949eb3ba02c12fa4fcfef535f",
        "type": "github"
      },
      "original": {
        "owner": "numtide",
        "repo": "flake-utils",
        "type": "github"
      }
    },
    "flake-utils_2": {
      "inputs": {
        "systems": "systems"
      },
      "locked": {
        "lastModified": 1681202837,
        "narHash": "sha256-H+Rh19JDwRtpVPAWp64F+rlEtxUWBAQW28eAi3SRSzg=",
        "owner": "numtide",
        "repo": "flake-utils",
        "rev": "cfacdce06f30d2b68473a46042957675eebb3401",
        "type": "github"
      },
      "original": {
        "owner": "numtide",
        "repo": "flake-utils",
        "type": "github"
      }
    },
    "genea": {
      "inputs": {
        "nixpkgs": [
          "nixpkgs-unstable"
        ]
      },
      "locked": {
        "lastModified": 1681590504,
        "narHash": "sha256-I5nwgJnkdwW9IhzGSgWYeolE6w9EOHp2lBKK90J25/Q=",
        "ref": "main",
        "rev": "7e887f5353f8e0ef135b7e185601478c1c70ebdf",
        "revCount": 43,
        "type": "git",
        "url": "https://source.qualifiedself.org/fetsorn/genea"
      },
      "original": {
        "ref": "main",
        "type": "git",
        "url": "https://source.qualifiedself.org/fetsorn/genea"
      }
    },
    "home-manager": {
      "inputs": {
        "nixpkgs": [
          "agenix",
          "nixpkgs"
        ]
      },
      "locked": {
        "lastModified": 1682203081,
        "narHash": "sha256-kRL4ejWDhi0zph/FpebFYhzqlOBrk0Pl3dzGEKSAlEw=",
        "owner": "nix-community",
        "repo": "home-manager",
        "rev": "32d3e39c491e2f91152c84f8ad8b003420eab0a1",
        "type": "github"
      },
      "original": {
        "owner": "nix-community",
        "repo": "home-manager",
        "type": "github"
      }
    },
    "home-manager_2": {
      "inputs": {
        "nixpkgs": [
          "nixpkgs-unstable"
        ]
      },
      "locked": {
        "lastModified": 1694134858,
        "narHash": "sha256-fG/ESauOGmiojKlpJG8gB62dJa5Wd+ZIuiDMKK/HD3g=",
        "owner": "nix-community",
        "repo": "home-manager",
        "rev": "19c6a4081b14443420358262f8416149bd79561a",
        "type": "github"
      },
      "original": {
        "owner": "nix-community",
        "repo": "home-manager",
        "type": "github"
      }
    },
    "kasner": {
      "inputs": {
        "nixpkgs": [
          "nixpkgs-unstable"
        ]
      },
      "locked": {
        "lastModified": 1694126777,
        "narHash": "sha256-w0u+120gZcFx7KC7av+Wtw6TLu3WNqtaXkft5IYz65A=",
        "owner": "fetsorn",
        "repo": "kasner-demo",
        "rev": "d1901c561650363f35596d4471fad63823e74367",
        "type": "github"
      },
      "original": {
        "owner": "fetsorn",
        "ref": "main",
        "repo": "kasner-demo",
        "type": "github"
      }
    },
    "mkElmDerivation": {
      "inputs": {
        "flake-utils": "flake-utils",
        "nixpkgs": "nixpkgs"
      },
      "locked": {
        "lastModified": 1679189167,
        "narHash": "sha256-ajVzTQXQcR1OTu3PgPyHB37HSjoHCn7uLYlTTor6Lp4=",
        "owner": "jeslie0",
        "repo": "mkElmDerivation",
        "rev": "35482d70dd80644a626157b1f18aca3ecf975585",
        "type": "github"
      },
      "original": {
        "owner": "jeslie0",
        "repo": "mkElmDerivation",
        "type": "github"
      }
    },
    "morio": {
      "inputs": {
        "nixpkgs": [
          "nixpkgs-unstable"
        ]
      },
      "locked": {
        "lastModified": 1690317817,
        "narHash": "sha256-PEao7u6aknAne1T5Fi1qtq9zv2hi4EbAz/GEMy160Oc=",
        "ref": "main",
        "rev": "00b5f138416f6631f368595f37f49bcfb2f3c0e2",
        "revCount": 6,
        "type": "git",
        "url": "https://source.qualifiedself.org/fetsorn/morio"
      },
      "original": {
        "ref": "main",
        "type": "git",
        "url": "https://source.qualifiedself.org/fetsorn/morio"
      }
    },
    "nixos-unstable": {
      "locked": {
        "lastModified": 1693985761,
        "narHash": "sha256-K5b+7j7Tt3+AqbWkcw+wMeqOAWyCD1MH26FPZyWXpdo=",
        "owner": "nixos",
        "repo": "nixpkgs",
        "rev": "0bffda19b8af722f8069d09d8b6a24594c80b352",
        "type": "github"
      },
      "original": {
        "owner": "nixos",
        "ref": "nixos-unstable",
        "repo": "nixpkgs",
        "type": "github"
      }
    },
    "nixpkgs": {
      "locked": {
        "lastModified": 1674899129,
        "narHash": "sha256-6LGae8WbdCN4S9+o2wfYDJPpfxC2EnXEvoopVkguNtc=",
        "owner": "nixos",
        "repo": "nixpkgs",
        "rev": "6b9c27b4c9c1c329b27a44ed1fa8935df79f9a8b",
        "type": "github"
      },
      "original": {
        "owner": "nixos",
        "ref": "nixpkgs-unstable",
        "repo": "nixpkgs",
        "type": "github"
      }
    },
    "nixpkgs-unstable": {
      "locked": {
        "lastModified": 1694062546,
        "narHash": "sha256-PiGI4f2BGnZcedP6slLjCLGLRLXPa9+ogGGgVPfGxys=",
        "owner": "nixos",
        "repo": "nixpkgs",
        "rev": "b200e0df08f80c32974a6108ce431d8a8a5e6547",
        "type": "github"
      },
      "original": {
        "owner": "nixos",
        "ref": "nixpkgs-unstable",
        "repo": "nixpkgs",
        "type": "github"
      }
    },
    "quiz": {
      "inputs": {
        "nixpkgs": [
          "nixpkgs-unstable"
        ]
      },
      "locked": {
        "lastModified": 1694188811,
        "narHash": "sha256-won5Fr8ADQalxpw6XoL/t9ulZh8e/V3r1k/bYFanhso=",
        "owner": "fetsorn",
        "repo": "quiz-demo",
        "rev": "ebbac208af155fc9b839c61b208b4b1c963e0001",
        "type": "github"
      },
      "original": {
        "owner": "fetsorn",
        "ref": "main",
        "repo": "quiz-demo",
        "type": "github"
      }
    },
    "root": {
      "inputs": {
        "agenix": "agenix",
        "arcoiris": "arcoiris",
        "elmsd": "elmsd",
        "evenor": "evenor",
        "genea": "genea",
        "home-manager": "home-manager_2",
        "kasner": "kasner",
        "morio": "morio",
        "nixos-unstable": "nixos-unstable",
        "nixpkgs-unstable": "nixpkgs-unstable",
        "quiz": "quiz",
        "rust-overlay": "rust-overlay"
      }
    },
    "rust-overlay": {
      "inputs": {
        "flake-utils": "flake-utils_2",
        "nixpkgs": [
          "nixpkgs-unstable"
        ]
      },
      "locked": {
        "lastModified": 1694139063,
        "narHash": "sha256-M2dhhe6IzHmS0zQkmnzbcG98jEQGZ4UcS3VcT+rG/Do=",
        "owner": "oxalica",
        "repo": "rust-overlay",
        "rev": "46dbbcaf435b0d22b149684589b9b059f73f4ffc",
        "type": "github"
      },
      "original": {
        "owner": "oxalica",
        "repo": "rust-overlay",
        "type": "github"
      }
    },
    "systems": {
      "locked": {
        "lastModified": 1681028828,
        "narHash": "sha256-Vy1rq5AaRuLzOxct8nz4T6wlgyUR7zLU309k9mBC768=",
        "owner": "nix-systems",
        "repo": "default",
        "rev": "da67096a3b9bf56a91d16901293e51ba5b49a27e",
        "type": "github"
      },
      "original": {
        "owner": "nix-systems",
        "repo": "default",
        "type": "github"
      }
    }
  },
  "root": "root",
  "version": 7
}
